
Microsoft Visual Studio Solution File, Format Version 12.00
# Visual Studio Version 16
VisualStudioVersion = 16.0.32510.428
MinimumVisualStudioVersion = 10.0.40219.1
Project("{FAE04EC0-301F-11D3-BF4B-00C04F79EFBC}") = "libCanopenSimple", "libCanopenSimple.csproj", "{2FB81ADD-258F-4135-A9B9-17E2ACA2448E}"
EndProject
Project("{FAE04EC0-301F-11D3-BF4B-00C04F79EFBC}") = "SimplePeakTest", "SimplePeakTest\SimplePeakTest.csproj", "{B7188341-B380-41ED-AECB-3D058AD65848}"
EndProject
Project("{FAE04EC0-301F-11D3-BF4B-00C04F79EFBC}") = "can_hw", "can_hw\can_hw.csproj", "{AA32BB32-5803-4D2D-96C7-3341224AE265}"
EndProject
Global
	GlobalSection(SolutionConfigurationPlatforms) = preSolution
		Debug UNICODE|Any CPU = Debug UNICODE|Any CPU
		Debug UNICODE|x64 = Debug UNICODE|x64
		Debug UNICODE|x86 = Debug UNICODE|x86
		Debug|Any CPU = Debug|Any CPU
		Debug|x64 = Debug|x64
		Debug|x86 = Debug|x86
		Release UNICODE|Any CPU = Release UNICODE|Any CPU
		Release UNICODE|x64 = Release UNICODE|x64
		Release UNICODE|x86 = Release UNICODE|x86
		Release|Any CPU = Release|Any CPU
		Release|x64 = Release|x64
		Release|x86 = Release|x86
	EndGlobalSection
	GlobalSection(ProjectConfigurationPlatforms) = postSolution
		{2FB81ADD-258F-4135-A9B9-17E2ACA2448E}.Debug UNICODE|Any CPU.ActiveCfg = Debug|Any CPU
		{2FB81ADD-258F-4135-A9B9-17E2ACA2448E}.Debug UNICODE|Any CPU.Build.0 = Debug|Any CPU
		{2FB81ADD-258F-4135-A9B9-17E2ACA2448E}.Debug UNICODE|x64.ActiveCfg = Debug|x64
		{2FB81ADD-258F-4135-A9B9-17E2ACA2448E}.Debug UNICODE|x64.Build.0 = Debug|x64
		{2FB81ADD-258F-4135-A9B9-17E2ACA2448E}.Debug UNICODE|x86.ActiveCfg = Debug|Any CPU
		{2FB81ADD-258F-4135-A9B9-17E2ACA2448E}.Debug UNICODE|x86.Build.0 = Debug|Any CPU
		{2FB81ADD-258F-4135-A9B9-17E2ACA2448E}.Debug|Any CPU.ActiveCfg = Debug|Any CPU
		{2FB81ADD-258F-4135-A9B9-17E2ACA2448E}.Debug|Any CPU.Build.0 = Debug|Any CPU
		{2FB81ADD-258F-4135-A9B9-17E2ACA2448E}.Debug|x64.ActiveCfg = Debug|x64
		{2FB81ADD-258F-4135-A9B9-17E2ACA2448E}.Debug|x64.Build.0 = Debug|x64
		{2FB81ADD-258F-4135-A9B9-17E2ACA2448E}.Debug|x86.ActiveCfg = Debug|Any CPU
		{2FB81ADD-258F-4135-A9B9-17E2ACA2448E}.Debug|x86.Build.0 = Debug|Any CPU
		{2FB81ADD-258F-4135-A9B9-17E2ACA2448E}.Release UNICODE|Any CPU.ActiveCfg = Release|Any CPU
		{2FB81ADD-258F-4135-A9B9-17E2ACA2448E}.Release UNICODE|Any CPU.Build.0 = Release|Any CPU
		{2FB81ADD-258F-4135-A9B9-17E2ACA2448E}.Release UNICODE|x64.ActiveCfg = Release|x64
		{2FB81ADD-258F-4135-A9B9-17E2ACA2448E}.Release UNICODE|x64.Build.0 = Release|x64
		{2FB81ADD-258F-4135-A9B9-17E2ACA2448E}.Release UNICODE|x86.ActiveCfg = Release|Any CPU
		{2FB81ADD-258F-4135-A9B9-17E2ACA2448E}.Release UNICODE|x86.Build.0 = Release|Any CPU
		{2FB81ADD-258F-4135-A9B9-17E2ACA2448E}.Release|Any CPU.ActiveCfg = Release|Any CPU
		{2FB81ADD-258F-4135-A9B9-17E2ACA2448E}.Release|Any CPU.Build.0 = Release|Any CPU
		{2FB81ADD-258F-4135-A9B9-17E2ACA2448E}.Release|x64.ActiveCfg = Release|x64
		{2FB81ADD-258F-4135-A9B9-17E2ACA2448E}.Release|x64.Build.0 = Release|x64
		{2FB81ADD-258F-4135-A9B9-17E2ACA2448E}.Release|x86.ActiveCfg = Release|Any CPU
		{2FB81ADD-258F-4135-A9B9-17E2ACA2448E}.Release|x86.Build.0 = Release|Any CPU
		{B7188341-B380-41ED-AECB-3D058AD65848}.Debug UNICODE|Any CPU.ActiveCfg = Debug|Any CPU
		{B7188341-B380-41ED-AECB-3D058AD65848}.Debug UNICODE|Any CPU.Build.0 = Debug|Any CPU
		{B7188341-B380-41ED-AECB-3D058AD65848}.Debug UNICODE|x64.ActiveCfg = Debug|x64
		{B7188341-B380-41ED-AECB-3D058AD65848}.Debug UNICODE|x64.Build.0 = Debug|x64
		{B7188341-B380-41ED-AECB-3D058AD65848}.Debug UNICODE|x86.ActiveCfg = Debug|Any CPU
		{B7188341-B380-41ED-AECB-3D058AD65848}.Debug UNICODE|x86.Build.0 = Debug|Any CPU
		{B7188341-B380-41ED-AECB-3D058AD65848}.Debug|Any CPU.ActiveCfg = Debug|Any CPU
		{B7188341-B380-41ED-AECB-3D058AD65848}.Debug|Any CPU.Build.0 = Debug|Any CPU
		{B7188341-B380-41ED-AECB-3D058AD65848}.Debug|x64.ActiveCfg = Debug|x64
		{B7188341-B380-41ED-AECB-3D058AD65848}.Debug|x64.Build.0 = Debug|x64
		{B7188341-B380-41ED-AECB-3D058AD65848}.Debug|x86.ActiveCfg = Debug|Any CPU
		{B7188341-B380-41ED-AECB-3D058AD65848}.Debug|x86.Build.0 = Debug|Any CPU
		{B7188341-B380-41ED-AECB-3D058AD65848}.Release UNICODE|Any CPU.ActiveCfg = Release|Any CPU
		{B7188341-B380-41ED-AECB-3D058AD65848}.Release UNICODE|Any CPU.Build.0 = Release|Any CPU
		{B7188341-B380-41ED-AECB-3D058AD65848}.Release UNICODE|x64.ActiveCfg = Release|x64
		{B7188341-B380-41ED-AECB-3D058AD65848}.Release UNICODE|x64.Build.0 = Release|x64
		{B7188341-B380-41ED-AECB-3D058AD65848}.Release UNICODE|x86.ActiveCfg = Release|Any CPU
		{B7188341-B380-41ED-AECB-3D058AD65848}.Release UNICODE|x86.Build.0 = Release|Any CPU
		{B7188341-B380-41ED-AECB-3D058AD65848}.Release|Any CPU.ActiveCfg = Release|Any CPU
		{B7188341-B380-41ED-AECB-3D058AD65848}.Release|Any CPU.Build.0 = Release|Any CPU
		{B7188341-B380-41ED-AECB-3D058AD65848}.Release|x64.ActiveCfg = Release|x64
		{B7188341-B380-41ED-AECB-3D058AD65848}.Release|x64.Build.0 = Release|x64
		{B7188341-B380-41ED-AECB-3D058AD65848}.Release|x86.ActiveCfg = Release|Any CPU
		{B7188341-B380-41ED-AECB-3D058AD65848}.Release|x86.Build.0 = Release|Any CPU
		{AA32BB32-5803-4D2D-96C7-3341224AE265}.Debug UNICODE|Any CPU.ActiveCfg = Debug|Any CPU
		{AA32BB32-5803-4D2D-96C7-3341224AE265}.Debug UNICODE|Any CPU.Build.0 = Debug|Any CPU
		{AA32BB32-5803-4D2D-96C7-3341224AE265}.Debug UNICODE|x64.ActiveCfg = Debug|x64
		{AA32BB32-5803-4D2D-96C7-3341224AE265}.Debug UNICODE|x64.Build.0 = Debug|x64
		{AA32BB32-5803-4D2D-96C7-3341224AE265}.Debug UNICODE|x86.ActiveCfg = Debug|Any CPU
		{AA32BB32-5803-4D2D-96C7-3341224AE265}.Debug UNICODE|x86.Build.0 = Debug|Any CPU
		{AA32BB32-5803-4D2D-96C7-3341224AE265}.Debug|Any CPU.ActiveCfg = Debug|Any CPU
		{AA32BB32-5803-4D2D-96C7-3341224AE265}.Debug|Any CPU.Build.0 = Debug|Any CPU
		{AA32BB32-5803-4D2D-96C7-3341224AE265}.Debug|x64.ActiveCfg = Debug|x64
		{AA32BB32-5803-4D2D-96C7-3341224AE265}.Debug|x64.Build.0 = Debug|x64
		{AA32BB32-5803-4D2D-96C7-3341224AE265}.Debug|x86.ActiveCfg = Debug|Any CPU
		{AA32BB32-5803-4D2D-96C7-3341224AE265}.Debug|x86.Build.0 = Debug|Any CPU
		{AA32BB32-5803-4D2D-96C7-3341224AE265}.Release UNICODE|Any CPU.ActiveCfg = Release|Any CPU
		{AA32BB32-5803-4D2D-96C7-3341224AE265}.Release UNICODE|Any CPU.Build.0 = Release|Any CPU
		{AA32BB32-5803-4D2D-96C7-3341224AE265}.Release UNICODE|x64.ActiveCfg = Release|x64
		{AA32BB32-5803-4D2D-96C7-3341224AE265}.Release UNICODE|x64.Build.0 = Release|x64
		{AA32BB32-5803-4D2D-96C7-3341224AE265}.Release UNICODE|x86.ActiveCfg = Release|Any CPU
		{AA32BB32-5803-4D2D-96C7-3341224AE265}.Release UNICODE|x86.Build.0 = Release|Any CPU
		{AA32BB32-5803-4D2D-96C7-3341224AE265}.Release|Any CPU.ActiveCfg = Release|Any CPU
		{AA32BB32-5803-4D2D-96C7-3341224AE265}.Release|Any CPU.Build.0 = Release|Any CPU
		{AA32BB32-5803-4D2D-96C7-3341224AE265}.Release|x64.ActiveCfg = Release|x64
		{AA32BB32-5803-4D2D-96C7-3341224AE265}.Release|x64.Build.0 = Release|x64
		{AA32BB32-5803-4D2D-96C7-3341224AE265}.Release|x86.ActiveCfg = Release|Any CPU
		{AA32BB32-5803-4D2D-96C7-3341224AE265}.Release|x86.Build.0 = Release|Any CPU
	EndGlobalSection
	GlobalSection(SolutionProperties) = preSolution
		HideSolutionNode = FALSE
	EndGlobalSection
	GlobalSection(ExtensibilityGlobals) = postSolution
		SolutionGuid = {4E770007-ED1C-460D-ACFC-9DD702614DA7}
	EndGlobalSection
EndGlobal
